
Microsoft Visual Studio Solution File, Format Version 12.00
# Visual Studio Version 17
VisualStudioVersion = 17.14.37614.0 d17.14
MinimumVisualStudioVersion = 10.0.40219.1
Project("{FAE04EC0-301F-11D3-BF4B-00C04F79EFBC}") = "DevopsLabApi", "DevopsLabApi\DevopsLabApi.csproj", "{D9F25D0A-663F-40BE-97DF-8EB416BAF8B7}"
EndProject
Project("{FAE04EC0-301F-11D3-BF4B-00C04F79EFBC}") = "DevopsLabApiTests", "DevopsLabApiTests\DevopsLabApiTests.csproj", "{0B14ACE6-B274-4726-AACC-78414EB23157}"
EndProject
Global
	GlobalSection(SolutionConfigurationPlatforms) = preSolution
		Debug|Any CPU = Debug|Any CPU
		Release|Any CPU = Release|Any CPU
	EndGlobalSection
	GlobalSection(ProjectConfigurationPlatforms) = postSolution
		{D9F25D0A-663F-40BE-97DF-8EB416BAF8B7}.Debug|Any CPU.ActiveCfg = Debug|Any CPU
		{D9F25D0A-663F-40BE-97DF-8EB416BAF8B7}.Debug|Any CPU.Build.0 = Debug|Any CPU
		{D9F25D0A-663F-40BE-97DF-8EB416BAF8B7}.Release|Any CPU.ActiveCfg = Release|Any CPU
		{D9F25D0A-663F-40BE-97DF-8EB416BAF8B7}.Release|Any CPU.Build.0 = Release|Any CPU
		{0B14ACE6-B274-4726-AACC-78414EB23157}.Debug|Any CPU.ActiveCfg = Debug|Any CPU
		{0B14ACE6-B274-4726-AACC-78414EB23157}.Debug|Any CPU.Build.0 = Debug|Any CPU
		{0B14ACE6-B274-4726-AACC-78414EB23157}.Release|Any CPU.ActiveCfg = Release|Any CPU
		{0B14ACE6-B274-4726-AACC-78414EB23157}.Release|Any CPU.Build.0 = Release|Any CPU
	EndGlobalSection
	GlobalSection(SolutionProperties) = preSolution
		HideSolutionNode = FALSE
	EndGlobalSection
	GlobalSection(ExtensibilityGlobals) = postSolution
		SolutionGuid = {522AA001-010C-4187-8C04-F7C825152BB8}
	EndGlobalSection
EndGlobal
